Microsoft Visual Studio Solution File, Format Version 12.00
# Visual Studio Version 17
VisualStudioVersion = 17.5.2.0
MinimumVisualStudioVersion = 10.0.40219.1
Project("{FAE04EC0-301F-11D3-BF4B-00C04F79EFBC}") = "IntelliInspect.Api", "IntelliInspect.Api.csproj", "{02C34DAD-EC84-0EF3-CB38-98F31003D3D9}"
EndProject
Global
	GlobalSection(SolutionConfigurationPlatforms) = preSolution
		Debug|Any CPU = Debug|Any CPU
		Release|Any CPU = Release|Any CPU
	EndGlobalSection
	GlobalSection(ProjectConfigurationPlatforms) = postSolution
		{02C34DAD-EC84-0EF3-CB38-98F31003D3D9}.Debug|Any CPU.ActiveCfg = Debug|Any CPU
		{02C34DAD-EC84-0EF3-CB38-98F31003D3D9}.Debug|Any CPU.Build.0 = Debug|Any CPU
		{02C34DAD-EC84-0EF3-CB38-98F31003D3D9}.Release|Any CPU.ActiveCfg = Release|Any CPU
		{02C34DAD-EC84-0EF3-CB38-98F31003D3D9}.Release|Any CPU.Build.0 = Release|Any CPU
	EndGlobalSection
	GlobalSection(SolutionProperties) = preSolution
		HideSolutionNode = FALSE
	EndGlobalSection
	GlobalSection(ExtensibilityGlobals) = postSolution
		SolutionGuid = {B23B13A5-55C3-442F-A4B6-56BA6CB74650}
	EndGlobalSection
EndGlobal
